
Microsoft Visual Studio Solution File, Format Version 12.00
# Visual Studio Version 16
VisualStudioVersion = 16.0.30413.136
MinimumVisualStudioVersion = 10.0.40219.1
Project("{9A19103F-16F7-4668-BE54-9A1E7A4F7556}") = "AssistPurchase", "AssistPurchase\AssistPurchase.csproj", "{386CF922-4C07-4917-8D09-06CB32700C04}"
EndProject
Project("{9A19103F-16F7-4668-BE54-9A1E7A4F7556}") = "AssistPurchase.Test", "..\..\Assist-to-Purchase\assist-purchase-s22b3\AssistPurchase.Test\AssistPurchase.Test.csproj", "{688BA0DE-4877-4227-8647-2F9CCEB1F89A}"
EndProject
Global
	GlobalSection(SolutionConfigurationPlatforms) = preSolution
		Debug|Any CPU = Debug|Any CPU
		Release|Any CPU = Release|Any CPU
	EndGlobalSection
	GlobalSection(ProjectConfigurationPlatforms) = postSolution
		{386CF922-4C07-4917-8D09-06CB32700C04}.Debug|Any CPU.ActiveCfg = Debug|Any CPU
		{386CF922-4C07-4917-8D09-06CB32700C04}.Debug|Any CPU.Build.0 = Debug|Any CPU
		{386CF922-4C07-4917-8D09-06CB32700C04}.Release|Any CPU.ActiveCfg = Release|Any CPU
		{386CF922-4C07-4917-8D09-06CB32700C04}.Release|Any CPU.Build.0 = Release|Any CPU
		{688BA0DE-4877-4227-8647-2F9CCEB1F89A}.Debug|Any CPU.ActiveCfg = Debug|Any CPU
		{688BA0DE-4877-4227-8647-2F9CCEB1F89A}.Debug|Any CPU.Build.0 = Debug|Any CPU
		{688BA0DE-4877-4227-8647-2F9CCEB1F89A}.Release|Any CPU.ActiveCfg = Release|Any CPU
		{688BA0DE-4877-4227-8647-2F9CCEB1F89A}.Release|Any CPU.Build.0 = Release|Any CPU
	EndGlobalSection
	GlobalSection(SolutionProperties) = preSolution
		HideSolutionNode = FALSE
	EndGlobalSection
	GlobalSection(ExtensibilityGlobals) = postSolution
		SolutionGuid = {1DCBED0B-D716-43C6-A861-A3FFA00C4227}
	EndGlobalSection
EndGlobal
